<?xml version="1.0" encoding="utf-8"?>
<Project ToolsVersion="4.0" xmlns="http://schemas.microsoft.com/developer/msbuild/2003">
  <ItemGroup>
    <Filter Include="r3d">
      <UniqueIdentifier>{CE9E880B-3AA8-887C-C323-9F7C2F2C947C}</UniqueIdentifier>
    </Filter>
  </ItemGroup>
  <ItemGroup>
    <ClInclude Include="src\r3d.h" />
    <ClInclude Include="src\r3d\Application.h">
      <Filter>r3d</Filter>
    </ClInclude>
    <ClInclude Include="src\r3d\Core.h">
      <Filter>r3d</Filter>
    </ClInclude>
    <ClInclude Include="src\r3d\EntryPoint.h">
      <Filter>r3d</Filter>
    </ClInclude>
    <ClInclude Include="src\r3d\Log.h">
      <Filter>r3d</Filter>
    </ClInclude>
  </ItemGroup>
  <ItemGroup>
    <ClCompile Include="src\r3d\Application.cpp">
      <Filter>r3d</Filter>
    </ClCompile>
    <ClCompile Include="src\r3d\Log.cpp">
      <Filter>r3d</Filter>
    </ClCompile>
  </ItemGroup>
</Project>