<?xml version="1.0" encoding="utf-8"?>
<Project ToolsVersion="4.0" xmlns="http://schemas.microsoft.com/developer/msbuild/2003">
  <ItemGroup>
    <Filter Include="R3D">
      <UniqueIdentifier>{8E16880B-FA1F-887C-839B-9E7CEFA3937C}</UniqueIdentifier>
    </Filter>
    <Filter Include="R3D\Core">
      <UniqueIdentifier>{A683BB20-9250-162C-BB69-04D4A7954BBA}</UniqueIdentifier>
    </Filter>
    <Filter Include="R3D\Ecs">
      <UniqueIdentifier>{18A6C727-8485-46C3-8D9D-D199F9FBAC24}</UniqueIdentifier>
    </Filter>
    <Filter Include="R3D\Events">
      <UniqueIdentifier>{B216CD42-9ECE-0E90-07D6-E7EBF3ACA980}</UniqueIdentifier>
    </Filter>
    <Filter Include="R3D\ImGui">
      <UniqueIdentifier>{38BE9638-A428-4BAF-ED66-FC5459102904}</UniqueIdentifier>
    </Filter>
    <Filter Include="R3D\Utils">
      <UniqueIdentifier>{6E4A7439-DAB4-28B0-23F3-D9558F9C0605}</UniqueIdentifier>
    </Filter>
  </ItemGroup>
  <ItemGroup>
    <ClInclude Include="src\R3D.h" />
    <ClInclude Include="src\R3D\Core\Application.h">
      <Filter>R3D\Core</Filter>
    </ClInclude>
    <ClInclude Include="src\R3D\Core\Core.h">
      <Filter>R3D\Core</Filter>
    </ClInclude>
    <ClInclude Include="src\R3D\Core\EntryPoint.h">
      <Filter>R3D\Core</Filter>
    </ClInclude>
    <ClInclude Include="src\R3D\Core\Layer.h">
      <Filter>R3D\Core</Filter>
    </ClInclude>
    <ClInclude Include="src\R3D\Core\Log.h">
      <Filter>R3D\Core</Filter>
    </ClInclude>
    <ClInclude Include="src\R3D\Core\Window.h">
      <Filter>R3D\Core</Filter>
    </ClInclude>
    <ClInclude Include="src\R3D\Ecs\Archetype.h">
      <Filter>R3D\Ecs</Filter>
    </ClInclude>
    <ClInclude Include="src\R3D\Ecs\ArchetypeManager.h">
      <Filter>R3D\Ecs</Filter>
    </ClInclude>
    <ClInclude Include="src\R3D\Ecs\ArchetypeManagerRingBuffer.h">
      <Filter>R3D\Ecs</Filter>
    </ClInclude>
    <ClInclude Include="src\R3D\Ecs\Entity.h">
      <Filter>R3D\Ecs</Filter>
    </ClInclude>
    <ClInclude Include="src\R3D\Ecs\EntityEvents.h">
      <Filter>R3D\Ecs</Filter>
    </ClInclude>
    <ClInclude Include="src\R3D\Ecs\EntityManager.h">
      <Filter>R3D\Ecs</Filter>
    </ClInclude>
    <ClInclude Include="src\R3D\Ecs\Metatype.h">
      <Filter>R3D\Ecs</Filter>
    </ClInclude>
    <ClInclude Include="src\R3D\Ecs\RawPackedArray.h">
      <Filter>R3D\Ecs</Filter>
    </ClInclude>
    <ClInclude Include="src\R3D\Ecs\System.h">
      <Filter>R3D\Ecs</Filter>
    </ClInclude>
    <ClInclude Include="src\R3D\Events\Event.h">
      <Filter>R3D\Events</Filter>
    </ClInclude>
    <ClInclude Include="src\R3D\Events\EventManager.h">
      <Filter>R3D\Events</Filter>
    </ClInclude>
    <ClInclude Include="src\R3D\Events\EventTypesAndCategories.h">
      <Filter>R3D\Events</Filter>
    </ClInclude>
    <ClInclude Include="src\R3D\Events\EventsListener.h">
      <Filter>R3D\Events</Filter>
    </ClInclude>
    <ClInclude Include="src\R3D\Events\KeyEvent.h">
      <Filter>R3D\Events</Filter>
    </ClInclude>
    <ClInclude Include="src\R3D\Events\LogicEvents.h">
      <Filter>R3D\Events</Filter>
    </ClInclude>
    <ClInclude Include="src\R3D\Events\PhysicsEvents.h">
      <Filter>R3D\Events</Filter>
    </ClInclude>
    <ClInclude Include="src\R3D\ImGui\ImGuiLayer.h">
      <Filter>R3D\ImGui</Filter>
    </ClInclude>
    <ClInclude Include="src\R3D\Utils\RingBuffer.h">
      <Filter>R3D\Utils</Filter>
    </ClInclude>
    <ClInclude Include="src\R3D\Utils\StringHash.h">
      <Filter>R3D\Utils</Filter>
    </ClInclude>
    <ClInclude Include="src\R3Dpch.h" />
  </ItemGroup>
  <ItemGroup>
    <ClCompile Include="src\R3D\Core\Application.cpp">
      <Filter>R3D\Core</Filter>
    </ClCompile>
    <ClCompile Include="src\R3D\Core\Layer.cpp">
      <Filter>R3D\Core</Filter>
    </ClCompile>
    <ClCompile Include="src\R3D\Core\Log.cpp">
      <Filter>R3D\Core</Filter>
    </ClCompile>
    <ClCompile Include="src\R3D\Core\Window.cpp">
      <Filter>R3D\Core</Filter>
    </ClCompile>
    <ClCompile Include="src\R3D\Ecs\ArchetypeManager.cpp">
      <Filter>R3D\Ecs</Filter>
    </ClCompile>
    <ClCompile Include="src\R3D\Ecs\EntityManager.cpp">
      <Filter>R3D\Ecs</Filter>
    </ClCompile>
    <ClCompile Include="src\R3D\Ecs\RawPackedArray.cpp">
      <Filter>R3D\Ecs</Filter>
    </ClCompile>
    <ClCompile Include="src\R3D\Events\EventManager.cpp">
      <Filter>R3D\Events</Filter>
    </ClCompile>
    <ClCompile Include="src\R3D\ImGui\ImGuiLayer.cpp">
      <Filter>R3D\ImGui</Filter>
    </ClCompile>
    <ClCompile Include="src\R3D\Utils\RingBuffer.cpp">
      <Filter>R3D\Utils</Filter>
    </ClCompile>
    <ClCompile Include="src\R3D\Utils\StringHash.cpp">
      <Filter>R3D\Utils</Filter>
    </ClCompile>
    <ClCompile Include="src\R3Dpch.cpp" />
  </ItemGroup>
</Project>